{
  "requires": true,
  "lockfileVersion": 1,
  "dependencies": {
    "jagfx-formjs": {
      "version": "2.3.1",
      "resolved": "https://registry.npmjs.org/jagfx-formjs/-/jagfx-formjs-2.3.1.tgz",
      "integrity": "sha512-srUVsoYN4NEsnfEiIL4BmHxUsZyCdi4uTJ3FOurXp82j/EYtJl/bMtVkUfzhzBEl1QAQGA9wx8ML59eS/VDsCg==",
      "requires": {
        "jquery": "^3.4.1"
      }
    },
    "jquery": {
      "version": "3.5.1",
      "resolved": "https://registry.npmjs.org/jquery/-/jquery-3.5.1.tgz",
      "integrity": "sha512-XwIBPqcMn57FxfT+Go5pzySnm4KWkT1Tv7gjrpT1srtf8Weynl6R273VJ5GjkRb51IzMp5nbaPjJXMWeju2MKg=="
    }
  }
}
