{
  "requires": true,
  "lockfileVersion": 1,
  "dependencies": {
    "ev-emitter": {
      "version": "1.1.1",
      "resolved": "https://registry.npmjs.org/ev-emitter/-/ev-emitter-1.1.1.tgz",
      "integrity": "sha512-ipiDYhdQSCZ4hSbX4rMW+XzNKMD1prg/sTvoVmSLkuQ1MVlwjJQQA+sW8tMYR3BLUr9KjodFV4pvzunvRhd33Q=="
    },
    "fast-memoize": {
      "version": "2.5.2",
      "resolved": "https://registry.npmjs.org/fast-memoize/-/fast-memoize-2.5.2.tgz",
      "integrity": "sha512-Ue0LwpDYErFbmNnZSF0UH6eImUwDmogUO1jyE+JbN2gsQz/jICm1Ve7t9QT0rNSsfJt+Hs4/S3GnsDVjL4HVrw=="
    },
    "filterizr": {
      "version": "2.2.4",
      "resolved": "https://registry.npmjs.org/filterizr/-/filterizr-2.2.4.tgz",
      "integrity": "sha512-hqyEdg7RrvJMVFOeF0yysS75HP6jLu0wBSUtSPAc3BysAtHpwcXaPnR1kYp2uZtd3YXyhH6JRfF9+H4SRvrqXg==",
      "requires": {
        "fast-memoize": "^2.5.1",
        "imagesloaded": "^4.1.4"
      }
    },
    "imagesloaded": {
      "version": "4.1.4",
      "resolved": "https://registry.npmjs.org/imagesloaded/-/imagesloaded-4.1.4.tgz",
      "integrity": "sha512-ltiBVcYpc/TYTF5nolkMNsnREHW+ICvfQ3Yla2Sgr71YFwQ86bDwV9hgpFhFtrGPuwEx5+LqOHIrdXBdoWwwsA==",
      "requires": {
        "ev-emitter": "^1.0.0"
      }
    }
  }
}
